
Microsoft Visual Studio Solution File, Format Version 12.00
# Visual Studio 15
Project("{FAE04EC0-301F-11D3-BF4B-00C04F79EFBC}") = "Assembly-CSharp", "Assembly-CSharp.csproj", "{C805F80A-1E1F-AC95-9892-38BFE8E0CBF2}"
EndProject
Project("{FAE04EC0-301F-11D3-BF4B-00C04F79EFBC}") = "Assembly-CSharp-Editor", "Assembly-CSharp-Editor.csproj", "{34C106CA-ADA1-D7B8-1564-E989FDE5DA3C}"
EndProject
Global
	GlobalSection(SolutionConfigurationPlatforms) = preSolution
		Debug|Any CPU = Debug|Any CPU
		Release|Any CPU = Release|Any CPU
	EndGlobalSection
	GlobalSection(ProjectConfigurationPlatforms) = postSolution
		{C805F80A-1E1F-AC95-9892-38BFE8E0CBF2}.Debug|Any CPU.ActiveCfg = Debug|Any CPU
		{C805F80A-1E1F-AC95-9892-38BFE8E0CBF2}.Debug|Any CPU.Build.0 = Debug|Any CPU
		{C805F80A-1E1F-AC95-9892-38BFE8E0CBF2}.Release|Any CPU.ActiveCfg = Release|Any CPU
		{C805F80A-1E1F-AC95-9892-38BFE8E0CBF2}.Release|Any CPU.Build.0 = Release|Any CPU
		{34C106CA-ADA1-D7B8-1564-E989FDE5DA3C}.Debug|Any CPU.ActiveCfg = Debug|Any CPU
		{34C106CA-ADA1-D7B8-1564-E989FDE5DA3C}.Debug|Any CPU.Build.0 = Debug|Any CPU
		{34C106CA-ADA1-D7B8-1564-E989FDE5DA3C}.Release|Any CPU.ActiveCfg = Release|Any CPU
		{34C106CA-ADA1-D7B8-1564-E989FDE5DA3C}.Release|Any CPU.Build.0 = Release|Any CPU
	EndGlobalSection
	GlobalSection(SolutionProperties) = preSolution
		HideSolutionNode = FALSE
	EndGlobalSection
	GlobalSection(MonoDevelopProperties) = preSolution
		StartupItem = Assembly-CSharp.csproj
	EndGlobalSection
EndGlobal
